
Microsoft Visual Studio Solution File, Format Version 12.00
# Visual Studio Version 17
VisualStudioVersion = 17.14.36414.22 d17.14
MinimumVisualStudioVersion = 10.0.40219.1
Project("{FAE04EC0-301F-11D3-BF4B-00C04F79EFBC}") = "WPFTheWeakestRival", "WPFTheWeakestRival\WPFTheWeakestRival.csproj", "{5C100DDC-B38E-4870-9905-EAC205BAF480}"
EndProject
Global
	GlobalSection(SolutionConfigurationPlatforms) = preSolution
		Debug|Any CPU = Debug|Any CPU
		Release|Any CPU = Release|Any CPU
	EndGlobalSection
	GlobalSection(ProjectConfigurationPlatforms) = postSolution
		{5C100DDC-B38E-4870-9905-EAC205BAF480}.Debug|Any CPU.ActiveCfg = Debug|Any CPU
		{5C100DDC-B38E-4870-9905-EAC205BAF480}.Debug|Any CPU.Build.0 = Debug|Any CPU
		{5C100DDC-B38E-4870-9905-EAC205BAF480}.Release|Any CPU.ActiveCfg = Release|Any CPU
		{5C100DDC-B38E-4870-9905-EAC205BAF480}.Release|Any CPU.Build.0 = Release|Any CPU
	EndGlobalSection
	GlobalSection(SolutionProperties) = preSolution
		HideSolutionNode = FALSE
	EndGlobalSection
	GlobalSection(ExtensibilityGlobals) = postSolution
		SolutionGuid = {61CAD269-8906-42B0-9ADB-2B21B5356615}
	EndGlobalSection
EndGlobal
